
Microsoft Visual Studio Solution File, Format Version 12.00
# Visual Studio 15
VisualStudioVersion = 15.0.27130.2027
MinimumVisualStudioVersion = 10.0.40219.1
Project("{FAE04EC0-301F-11D3-BF4B-00C04F79EFBC}") = "pyrenaction", "pyrenaction\pyrenaction.csproj", "{CE13BE8F-1BE9-43CA-81B8-0E3E3A581A39}"
EndProject
Global
	GlobalSection(SolutionConfigurationPlatforms) = preSolution
		Debug|Any CPU = Debug|Any CPU
		Release|Any CPU = Release|Any CPU
	EndGlobalSection
	GlobalSection(ProjectConfigurationPlatforms) = postSolution
		{CE13BE8F-1BE9-43CA-81B8-0E3E3A581A39}.Debug|Any CPU.ActiveCfg = Debug|Any CPU
		{CE13BE8F-1BE9-43CA-81B8-0E3E3A581A39}.Debug|Any CPU.Build.0 = Debug|Any CPU
		{CE13BE8F-1BE9-43CA-81B8-0E3E3A581A39}.Release|Any CPU.ActiveCfg = Release|Any CPU
		{CE13BE8F-1BE9-43CA-81B8-0E3E3A581A39}.Release|Any CPU.Build.0 = Release|Any CPU
	EndGlobalSection
	GlobalSection(SolutionProperties) = preSolution
		HideSolutionNode = FALSE
	EndGlobalSection
	GlobalSection(ExtensibilityGlobals) = postSolution
		SolutionGuid = {CF8950B2-592D-424C-A823-4A4C5E878515}
	EndGlobalSection
EndGlobal
